
Microsoft Visual Studio Solution File, Format Version 12.00
# Visual Studio Version 17
VisualStudioVersion = 17.9.34728.123
MinimumVisualStudioVersion = 10.0.40219.1
Project("{9A19103F-16F7-4668-BE54-9A1E7A4F7556}") = "ChatBotMVC", "ChatBotMVC\ChatBotMVC.csproj", "{2040F911-37E1-4D35-A901-96B09ADD501F}"
EndProject
Project("{2150E333-8FDC-42A3-9474-1A3956D46DE8}") = "1 - Apresentação", "1 - Apresentação", "{74927B03-23F5-4DE9-A7A6-03EF0CD6CAF0}"
EndProject
Project("{2150E333-8FDC-42A3-9474-1A3956D46DE8}") = "2 - Entidades", "2 - Entidades", "{78CE1BA9-5C16-463B-975E-333079BED6AF}"
EndProject
Project("{FAE04EC0-301F-11D3-BF4B-00C04F79EFBC}") = "Entidades", "Entidades\Entidades.csproj", "{E8CF753B-8757-41B6-B446-496850D647F6}"
EndProject
Global
	GlobalSection(SolutionConfigurationPlatforms) = preSolution
		Debug|Any CPU = Debug|Any CPU
		Release|Any CPU = Release|Any CPU
	EndGlobalSection
	GlobalSection(ProjectConfigurationPlatforms) = postSolution
		{2040F911-37E1-4D35-A901-96B09ADD501F}.Debug|Any CPU.ActiveCfg = Debug|Any CPU
		{2040F911-37E1-4D35-A901-96B09ADD501F}.Debug|Any CPU.Build.0 = Debug|Any CPU
		{2040F911-37E1-4D35-A901-96B09ADD501F}.Release|Any CPU.ActiveCfg = Release|Any CPU
		{2040F911-37E1-4D35-A901-96B09ADD501F}.Release|Any CPU.Build.0 = Release|Any CPU
		{E8CF753B-8757-41B6-B446-496850D647F6}.Debug|Any CPU.ActiveCfg = Debug|Any CPU
		{E8CF753B-8757-41B6-B446-496850D647F6}.Debug|Any CPU.Build.0 = Debug|Any CPU
		{E8CF753B-8757-41B6-B446-496850D647F6}.Release|Any CPU.ActiveCfg = Release|Any CPU
		{E8CF753B-8757-41B6-B446-496850D647F6}.Release|Any CPU.Build.0 = Release|Any CPU
	EndGlobalSection
	GlobalSection(SolutionProperties) = preSolution
		HideSolutionNode = FALSE
	EndGlobalSection
	GlobalSection(NestedProjects) = preSolution
		{2040F911-37E1-4D35-A901-96B09ADD501F} = {74927B03-23F5-4DE9-A7A6-03EF0CD6CAF0}
		{E8CF753B-8757-41B6-B446-496850D647F6} = {78CE1BA9-5C16-463B-975E-333079BED6AF}
	EndGlobalSection
	GlobalSection(ExtensibilityGlobals) = postSolution
		SolutionGuid = {D31AD77F-A2BE-417F-99BE-CB8EF23FDDE3}
	EndGlobalSection
EndGlobal
